
Microsoft Visual Studio Solution File, Format Version 12.00
# Visual Studio Version 16
VisualStudioVersion = 16.0.31729.503
MinimumVisualStudioVersion = 10.0.40219.1
Project("{FAE04EC0-301F-11D3-BF4B-00C04F79EFBC}") = "CustomList", "CustomList\CustomList.csproj", "{6949DA34-A353-4C83-BB02-A0B57C313B62}"
EndProject
Global
	GlobalSection(SolutionConfigurationPlatforms) = preSolution
		Debug|Any CPU = Debug|Any CPU
		Release|Any CPU = Release|Any CPU
	EndGlobalSection
	GlobalSection(ProjectConfigurationPlatforms) = postSolution
		{6949DA34-A353-4C83-BB02-A0B57C313B62}.Debug|Any CPU.ActiveCfg = Debug|Any CPU
		{6949DA34-A353-4C83-BB02-A0B57C313B62}.Debug|Any CPU.Build.0 = Debug|Any CPU
		{6949DA34-A353-4C83-BB02-A0B57C313B62}.Release|Any CPU.ActiveCfg = Release|Any CPU
		{6949DA34-A353-4C83-BB02-A0B57C313B62}.Release|Any CPU.Build.0 = Release|Any CPU
	EndGlobalSection
	GlobalSection(SolutionProperties) = preSolution
		HideSolutionNode = FALSE
	EndGlobalSection
	GlobalSection(ExtensibilityGlobals) = postSolution
		SolutionGuid = {57826D83-F204-484B-9E96-31C87BAFBB66}
	EndGlobalSection
EndGlobal
